# THIS IS AN AUTOGENERATED FILE. DO NOT EDIT THIS FILE DIRECTLY.
# yarn lockfile v1


arguments-extended@~0.0.3:
  version "0.0.3"
  resolved "https://registry.yarnpkg.com/arguments-extended/-/arguments-extended-0.0.3.tgz#6107e4917d0eb6f0a4dd66320fc15afc72ef4946"
  dependencies:
    extended "~0.0.3"
    is-extended "~0.0.8"

array-extended@~0.0.3, array-extended@~0.0.4, array-extended@~0.0.5:
  version "0.0.11"
  resolved "https://registry.yarnpkg.com/array-extended/-/array-extended-0.0.11.tgz#d7144ae748de93ca726f121009dbff1626d164bd"
  dependencies:
    arguments-extended "~0.0.3"
    extended "~0.0.3"
    is-extended "~0.0.3"

axios@^0.18.0:
  version "0.18.0"
  resolved "https://registry.yarnpkg.com/axios/-/axios-0.18.0.tgz#32d53e4851efdc0a11993b6cd000789d70c05102"
  dependencies:
    follow-redirects "^1.3.0"
    is-buffer "^1.1.5"

date-extended@~0.0.3:
  version "0.0.6"
  resolved "https://registry.yarnpkg.com/date-extended/-/date-extended-0.0.6.tgz#23802d57dd1bf7818813fe0c32e851a86da267c9"
  dependencies:
    array-extended "~0.0.3"
    extended "~0.0.3"
    is-extended "~0.0.3"

debug@^3.1.0:
  version "3.1.0"
  resolved "https://registry.yarnpkg.com/debug/-/debug-3.1.0.tgz#5bb5a0672628b64149566ba16819e61518c67261"
  dependencies:
    ms "2.0.0"

declare.js@~0.0.4:
  version "0.0.8"
  resolved "https://registry.yarnpkg.com/declare.js/-/declare.js-0.0.8.tgz#0478adff9564c004f51df73d8bc134019d28dcde"

extended@0.0.6, extended@~0.0.3:
  version "0.0.6"
  resolved "https://registry.yarnpkg.com/extended/-/extended-0.0.6.tgz#7fb8bf7b9dae397586e48570acfd642c78e50669"
  dependencies:
    extender "~0.0.5"

extender@~0.0.5:
  version "0.0.10"
  resolved "https://registry.yarnpkg.com/extender/-/extender-0.0.10.tgz#589c07482be61a1460b6d81f9c24aa67e8f324cd"
  dependencies:
    declare.js "~0.0.4"

fast-csv@^2.4.1:
  version "2.4.1"
  resolved "https://registry.yarnpkg.com/fast-csv/-/fast-csv-2.4.1.tgz#bd7dd268391f729367b59445b8dd0ad026881b26"
  dependencies:
    extended "0.0.6"
    is-extended "0.0.10"
    object-extended "0.0.7"
    string-extended "0.0.8"

follow-redirects@^1.3.0:
  version "1.5.0"
  resolved "https://registry.yarnpkg.com/follow-redirects/-/follow-redirects-1.5.0.tgz#234f49cf770b7f35b40e790f636ceba0c3a0ab77"
  dependencies:
    debug "^3.1.0"

is-buffer@^1.1.5:
  version "1.1.6"
  resolved "https://registry.yarnpkg.com/is-buffer/-/is-buffer-1.1.6.tgz#efaa2ea9daa0d7ab2ea13a97b2b8ad51fefbe8be"

is-extended@0.0.10, is-extended@~0.0.3, is-extended@~0.0.8:
  version "0.0.10"
  resolved "https://registry.yarnpkg.com/is-extended/-/is-extended-0.0.10.tgz#244e140df75bb1c9a3106f412ff182fb534a6d62"
  dependencies:
    extended "~0.0.3"

ms@2.0.0:
  version "2.0.0"
  resolved "https://registry.yarnpkg.com/ms/-/ms-2.0.0.tgz#5608aeadfc00be6c2901df5f9861788de0d597c8"

object-extended@0.0.7:
  version "0.0.7"
  resolved "https://registry.yarnpkg.com/object-extended/-/object-extended-0.0.7.tgz#84fd23f56b15582aeb3e88b05cb55d2432d68a33"
  dependencies:
    array-extended "~0.0.4"
    extended "~0.0.3"
    is-extended "~0.0.3"

string-extended@0.0.8:
  version "0.0.8"
  resolved "https://registry.yarnpkg.com/string-extended/-/string-extended-0.0.8.tgz#741957dff487b0272a79eec5a44f239ee6f17ccd"
  dependencies:
    array-extended "~0.0.5"
    date-extended "~0.0.3"
    extended "~0.0.3"
    is-extended "~0.0.3"
